
Microsoft Visual Studio Solution File, Format Version 12.00
# Visual Studio Version 16
VisualStudioVersion = 16.0.30128.74
MinimumVisualStudioVersion = 10.0.40219.1
Project("{FAE04EC0-301F-11D3-BF4B-00C04F79EFBC}") = "Roommates", "Roommates\Roommates.csproj", "{715429F5-0281-4E42-8EE9-94B0752BDA85}"
EndProject
Global
	GlobalSection(SolutionConfigurationPlatforms) = preSolution
		Debug|Any CPU = Debug|Any CPU
		Release|Any CPU = Release|Any CPU
	EndGlobalSection
	GlobalSection(ProjectConfigurationPlatforms) = postSolution
		{715429F5-0281-4E42-8EE9-94B0752BDA85}.Debug|Any CPU.ActiveCfg = Debug|Any CPU
		{715429F5-0281-4E42-8EE9-94B0752BDA85}.Debug|Any CPU.Build.0 = Debug|Any CPU
		{715429F5-0281-4E42-8EE9-94B0752BDA85}.Release|Any CPU.ActiveCfg = Release|Any CPU
		{715429F5-0281-4E42-8EE9-94B0752BDA85}.Release|Any CPU.Build.0 = Release|Any CPU
	EndGlobalSection
	GlobalSection(SolutionProperties) = preSolution
		HideSolutionNode = FALSE
	EndGlobalSection
	GlobalSection(ExtensibilityGlobals) = postSolution
		SolutionGuid = {65CB69B4-B686-4261-92B7-67B9C9B23542}
	EndGlobalSection
EndGlobal
